schema: '2.0'
stages:
  mystage:
    cmd: python train.py
    deps:
    - path: data
      hash: md5
      md5: f0c7ec7603c27b51b76c012914fd4b39.dir
      size: 53704810
      nfiles: 4
    - path: train.py
      hash: md5
      md5: b01430518e61ed89f3b9df147733c6ac
      size: 1160
    outs:
    - path: loss.csv
      hash: md5
      md5: 1d3126f8e99e54117a05c39cf7745e80
      size: 2167
    - path: metrics.json
      hash: md5
      md5: 407ec1d829597c6e9dfa3be4878e2f4f
      size: 83
